
Microsoft Visual Studio Solution File, Format Version 12.00
# Visual Studio Version 17
VisualStudioVersion = 17.0.31903.59
MinimumVisualStudioVersion = 10.0.40219.1
Project("{FAE04EC0-301F-11D3-BF4B-00C04F79EFBC}") = "Domain", "Domain\Domain.csproj", "{F31FB5E6-63DC-4622-8A1A-9F614B84914C}"
EndProject
Project("{FAE04EC0-301F-11D3-BF4B-00C04F79EFBC}") = "Infrastructure", "Infrastructure\Infrastructure.csproj", "{BF51F80C-5171-4149-A0B0-62C7FA9A39FF}"
EndProject
Project("{FAE04EC0-301F-11D3-BF4B-00C04F79EFBC}") = "WebApi", "WebApi\WebApi.csproj", "{495D3A82-09A0-43A3-8995-DB241FCCFC18}"
EndProject
Global
	GlobalSection(SolutionConfigurationPlatforms) = preSolution
		Debug|Any CPU = Debug|Any CPU
		Release|Any CPU = Release|Any CPU
	EndGlobalSection
	GlobalSection(SolutionProperties) = preSolution
		HideSolutionNode = FALSE
	EndGlobalSection
	GlobalSection(ProjectConfigurationPlatforms) = postSolution
		{F31FB5E6-63DC-4622-8A1A-9F614B84914C}.Debug|Any CPU.ActiveCfg = Debug|Any CPU
		{F31FB5E6-63DC-4622-8A1A-9F614B84914C}.Debug|Any CPU.Build.0 = Debug|Any CPU
		{F31FB5E6-63DC-4622-8A1A-9F614B84914C}.Release|Any CPU.ActiveCfg = Release|Any CPU
		{F31FB5E6-63DC-4622-8A1A-9F614B84914C}.Release|Any CPU.Build.0 = Release|Any CPU
		{BF51F80C-5171-4149-A0B0-62C7FA9A39FF}.Debug|Any CPU.ActiveCfg = Debug|Any CPU
		{BF51F80C-5171-4149-A0B0-62C7FA9A39FF}.Debug|Any CPU.Build.0 = Debug|Any CPU
		{BF51F80C-5171-4149-A0B0-62C7FA9A39FF}.Release|Any CPU.ActiveCfg = Release|Any CPU
		{BF51F80C-5171-4149-A0B0-62C7FA9A39FF}.Release|Any CPU.Build.0 = Release|Any CPU
		{495D3A82-09A0-43A3-8995-DB241FCCFC18}.Debug|Any CPU.ActiveCfg = Debug|Any CPU
		{495D3A82-09A0-43A3-8995-DB241FCCFC18}.Debug|Any CPU.Build.0 = Debug|Any CPU
		{495D3A82-09A0-43A3-8995-DB241FCCFC18}.Release|Any CPU.ActiveCfg = Release|Any CPU
		{495D3A82-09A0-43A3-8995-DB241FCCFC18}.Release|Any CPU.Build.0 = Release|Any CPU
	EndGlobalSection
EndGlobal
